
Microsoft Visual Studio Solution File, Format Version 12.00
# Visual Studio Version 17
VisualStudioVersion = 17.14.36511.14 d17.14
MinimumVisualStudioVersion = 10.0.40219.1
Project("{FAE04EC0-301F-11D3-BF4B-00C04F79EFBC}") = "AplicacionStack", "AplicacionStack\AplicacionStack.csproj", "{B726B41B-80AA-4C7C-B804-04B7C630D908}"
EndProject
Project("{FAE04EC0-301F-11D3-BF4B-00C04F79EFBC}") = "ADTLibrary", "ADTLibrary\ADTLibrary.csproj", "{D4698C01-2CEF-4A1A-9399-2F8824B2F553}"
EndProject
Global
	GlobalSection(SolutionConfigurationPlatforms) = preSolution
		Debug|Any CPU = Debug|Any CPU
		Release|Any CPU = Release|Any CPU
	EndGlobalSection
	GlobalSection(ProjectConfigurationPlatforms) = postSolution
		{B726B41B-80AA-4C7C-B804-04B7C630D908}.Debug|Any CPU.ActiveCfg = Debug|Any CPU
		{B726B41B-80AA-4C7C-B804-04B7C630D908}.Debug|Any CPU.Build.0 = Debug|Any CPU
		{B726B41B-80AA-4C7C-B804-04B7C630D908}.Release|Any CPU.ActiveCfg = Release|Any CPU
		{B726B41B-80AA-4C7C-B804-04B7C630D908}.Release|Any CPU.Build.0 = Release|Any CPU
		{D4698C01-2CEF-4A1A-9399-2F8824B2F553}.Debug|Any CPU.ActiveCfg = Debug|Any CPU
		{D4698C01-2CEF-4A1A-9399-2F8824B2F553}.Debug|Any CPU.Build.0 = Debug|Any CPU
		{D4698C01-2CEF-4A1A-9399-2F8824B2F553}.Release|Any CPU.ActiveCfg = Release|Any CPU
		{D4698C01-2CEF-4A1A-9399-2F8824B2F553}.Release|Any CPU.Build.0 = Release|Any CPU
	EndGlobalSection
	GlobalSection(SolutionProperties) = preSolution
		HideSolutionNode = FALSE
	EndGlobalSection
	GlobalSection(ExtensibilityGlobals) = postSolution
		SolutionGuid = {D586BAEB-76A4-4343-BD25-5CC7E457C25E}
	EndGlobalSection
EndGlobal
